# Generated by `salvo` [protocol-lock]: the protocol hash of every actor
# effect this project declares, at this version. A hash that changes
# without a version bump fails the build; bump `version` in salvo.toml.
version = "0.1.0"

[protocols]
Alarms = "fdd9303d2b00e56b"
Counter = "f39d50f9ee8f9923"
Pinger = "6fe4fb0660368a66"
Ponger = "c3531d1e59c45ffa"
