# Generated by `salvo` [protocol-lock]: the protocol hash of every actor
# effect this project declares, at this version. A hash that changes
# without a version bump fails the build; bump `version` in salvo.toml.
version = "0.1.0"

[protocols]
Boot = "4b15e647d0ca92a7"
Gather = "98712ca205da344c"
Inventory = "d3482a697a944808"
Lookup = "7c0f441570dc9a6f"
Race = "5e0ec4d63d5f53dd"
Search = "ed817fc30774f01d"
Sequencer = "7a5334482e5247f7"
