# Generated by `salvo` [protocol-lock]: the protocol hash of every actor
# effect this project declares, at this version. A hash that changes
# without a version bump fails the build; bump `version` in salvo.toml.
version = "0.1.0"

[protocols]
Counter = "f39d50f9ee8f9923"
Desk = "cb180ef2d1bfd753"
Fragile = "a8c912bc262644a0"
Ledger = "4a99401c8b66babf"
