# Generated by `salvo` [protocol-lock]: the protocol hash of every actor
# effect this project declares, at this version. A hash that changes
# without a version bump fails the build; bump `version` in salvo.toml.
version = "0.1.0"

[protocols]
Session = "7ed70285b7e6568c"
Sleeper = "2385b53950dcbd9c"
